
Microsoft Visual Studio Solution File, Format Version 12.00
# Visual Studio Version 17
VisualStudioVersion = 17.14.36616.10 d17.14
MinimumVisualStudioVersion = 10.0.40219.1
Project("{FAE04EC0-301F-11D3-BF4B-00C04F79EFBC}") = "InventorySocketServer", "InventorySocketServer\InventorySocketServer.csproj", "{2A5ADF6E-CB9D-4AB5-B742-7B2A59AD2FAB}"
EndProject
Global
	GlobalSection(SolutionConfigurationPlatforms) = preSolution
		Debug|Any CPU = Debug|Any CPU
		Release|Any CPU = Release|Any CPU
	EndGlobalSection
	GlobalSection(ProjectConfigurationPlatforms) = postSolution
		{2A5ADF6E-CB9D-4AB5-B742-7B2A59AD2FAB}.Debug|Any CPU.ActiveCfg = Debug|Any CPU
		{2A5ADF6E-CB9D-4AB5-B742-7B2A59AD2FAB}.Debug|Any CPU.Build.0 = Debug|Any CPU
		{2A5ADF6E-CB9D-4AB5-B742-7B2A59AD2FAB}.Release|Any CPU.ActiveCfg = Release|Any CPU
		{2A5ADF6E-CB9D-4AB5-B742-7B2A59AD2FAB}.Release|Any CPU.Build.0 = Release|Any CPU
	EndGlobalSection
	GlobalSection(SolutionProperties) = preSolution
		HideSolutionNode = FALSE
	EndGlobalSection
	GlobalSection(ExtensibilityGlobals) = postSolution
		SolutionGuid = {17066802-6215-44EE-80AC-9BC20DEFEFF8}
	EndGlobalSection
EndGlobal
